
Microsoft Visual Studio Solution File, Format Version 12.00
# Visual Studio Version 17
VisualStudioVersion = 17.4.33110.190
MinimumVisualStudioVersion = 10.0.40219.1
Project("{9A19103F-16F7-4668-BE54-9A1E7A4F7556}") = "DataAccess", "DataAccess\DataAccess.csproj", "{A2EACF45-1DB3-459F-ACB9-11AC9F148A29}"
EndProject
Project("{9A19103F-16F7-4668-BE54-9A1E7A4F7556}") = "Business", "Business\Business.csproj", "{65358948-4AFF-438D-813F-594382F302CA}"
EndProject
Project("{9A19103F-16F7-4668-BE54-9A1E7A4F7556}") = "Entities", "Entities\Entities.csproj", "{CE908260-B595-4D66-B628-FB99A1221270}"
EndProject
Project("{9A19103F-16F7-4668-BE54-9A1E7A4F7556}") = "ConsoleUI", "ConsoleUI\ConsoleUI.csproj", "{6ACDE0FC-F7E2-4BB9-96B8-BFED0EB59617}"
EndProject
Project("{9A19103F-16F7-4668-BE54-9A1E7A4F7556}") = "Core", "Core\Core.csproj", "{FCC1E9F0-3753-4385-B76F-077BA90AC916}"
EndProject
Project("{FAE04EC0-301F-11D3-BF4B-00C04F79EFBC}") = "WebAPI", "WebAPI\WebAPI.csproj", "{34A2C0C5-9ED4-4F60-8A86-B9D03E29B0A1}"
EndProject
Global
	GlobalSection(SolutionConfigurationPlatforms) = preSolution
		Debug|Any CPU = Debug|Any CPU
		Release|Any CPU = Release|Any CPU
	EndGlobalSection
	GlobalSection(ProjectConfigurationPlatforms) = postSolution
		{A2EACF45-1DB3-459F-ACB9-11AC9F148A29}.Debug|Any CPU.ActiveCfg = Debug|Any CPU
		{A2EACF45-1DB3-459F-ACB9-11AC9F148A29}.Debug|Any CPU.Build.0 = Debug|Any CPU
		{A2EACF45-1DB3-459F-ACB9-11AC9F148A29}.Release|Any CPU.ActiveCfg = Release|Any CPU
		{A2EACF45-1DB3-459F-ACB9-11AC9F148A29}.Release|Any CPU.Build.0 = Release|Any CPU
		{65358948-4AFF-438D-813F-594382F302CA}.Debug|Any CPU.ActiveCfg = Debug|Any CPU
		{65358948-4AFF-438D-813F-594382F302CA}.Debug|Any CPU.Build.0 = Debug|Any CPU
		{65358948-4AFF-438D-813F-594382F302CA}.Release|Any CPU.ActiveCfg = Release|Any CPU
		{65358948-4AFF-438D-813F-594382F302CA}.Release|Any CPU.Build.0 = Release|Any CPU
		{CE908260-B595-4D66-B628-FB99A1221270}.Debug|Any CPU.ActiveCfg = Debug|Any CPU
		{CE908260-B595-4D66-B628-FB99A1221270}.Debug|Any CPU.Build.0 = Debug|Any CPU
		{CE908260-B595-4D66-B628-FB99A1221270}.Release|Any CPU.ActiveCfg = Release|Any CPU
		{CE908260-B595-4D66-B628-FB99A1221270}.Release|Any CPU.Build.0 = Release|Any CPU
		{6ACDE0FC-F7E2-4BB9-96B8-BFED0EB59617}.Debug|Any CPU.ActiveCfg = Debug|Any CPU
		{6ACDE0FC-F7E2-4BB9-96B8-BFED0EB59617}.Debug|Any CPU.Build.0 = Debug|Any CPU
		{6ACDE0FC-F7E2-4BB9-96B8-BFED0EB59617}.Release|Any CPU.ActiveCfg = Release|Any CPU
		{6ACDE0FC-F7E2-4BB9-96B8-BFED0EB59617}.Release|Any CPU.Build.0 = Release|Any CPU
		{FCC1E9F0-3753-4385-B76F-077BA90AC916}.Debug|Any CPU.ActiveCfg = Debug|Any CPU
		{FCC1E9F0-3753-4385-B76F-077BA90AC916}.Debug|Any CPU.Build.0 = Debug|Any CPU
		{FCC1E9F0-3753-4385-B76F-077BA90AC916}.Release|Any CPU.ActiveCfg = Release|Any CPU
		{FCC1E9F0-3753-4385-B76F-077BA90AC916}.Release|Any CPU.Build.0 = Release|Any CPU
		{34A2C0C5-9ED4-4F60-8A86-B9D03E29B0A1}.Debug|Any CPU.ActiveCfg = Debug|Any CPU
		{34A2C0C5-9ED4-4F60-8A86-B9D03E29B0A1}.Debug|Any CPU.Build.0 = Debug|Any CPU
		{34A2C0C5-9ED4-4F60-8A86-B9D03E29B0A1}.Release|Any CPU.ActiveCfg = Release|Any CPU
		{34A2C0C5-9ED4-4F60-8A86-B9D03E29B0A1}.Release|Any CPU.Build.0 = Release|Any CPU
	EndGlobalSection
	GlobalSection(SolutionProperties) = preSolution
		HideSolutionNode = FALSE
	EndGlobalSection
	GlobalSection(ExtensibilityGlobals) = postSolution
		SolutionGuid = {C6FBADE6-DAD9-4C86-94C2-D4B73771AB25}
	EndGlobalSection
EndGlobal
